
Microsoft Visual Studio Solution File, Format Version 12.00
# Visual Studio Version 17
VisualStudioVersion = 17.0.31903.59
MinimumVisualStudioVersion = 10.0.40219.1
Project("{2150E333-8FDC-42A3-9474-1A3956D46DE8}") = "src", "src", "{827E0CD3-B72D-47B6-A68D-7590B98EB39B}"
EndProject
Project("{FAE04EC0-301F-11D3-BF4B-00C04F79EFBC}") = "Atlas.Kernel", "src\Atlas.Kernel\Atlas.Kernel.csproj", "{DD546CC2-4C4C-4985-AAAA-F3E893FA8483}"
EndProject
Project("{2150E333-8FDC-42A3-9474-1A3956D46DE8}") = "Modules", "Modules", "{EC447DCF-ABFA-6E24-52A5-D7FD48A5C558}"
EndProject
Project("{2150E333-8FDC-42A3-9474-1A3956D46DE8}") = "Ledger", "Ledger", "{94CA1A96-709C-708D-86F4-C17510E77C63}"
EndProject
Project("{2150E333-8FDC-42A3-9474-1A3956D46DE8}") = "Domain", "Domain", "{52ED6009-8EA6-F50F-FC3C-BC94E23BE236}"
EndProject
Project("{FAE04EC0-301F-11D3-BF4B-00C04F79EFBC}") = "Atlas.Modules.Ledger.Domain", "src\Modules\Ledger\Domain\Atlas.Modules.Ledger.Domain.csproj", "{A9F71DE6-51E2-4E3C-A994-04A6E83B910A}"
EndProject
Project("{2150E333-8FDC-42A3-9474-1A3956D46DE8}") = "tests", "tests", "{0AB3BF05-4346-4AA6-1389-037BE0695223}"
EndProject
Project("{FAE04EC0-301F-11D3-BF4B-00C04F79EFBC}") = "Atlas.Kernel.Tests", "tests\Atlas.Kernel.Tests\Atlas.Kernel.Tests.csproj", "{D6D5AB41-9F75-4758-8B63-C1F022D197E9}"
EndProject
Project("{FAE04EC0-301F-11D3-BF4B-00C04F79EFBC}") = "Modules.Ledger.Domain.Tests", "tests\Modules.Ledger.Domain.Tests\Modules.Ledger.Domain.Tests.csproj", "{BEE14163-183E-412E-A14B-7F4BAD2F2653}"
EndProject
Project("{FAE04EC0-301F-11D3-BF4B-00C04F79EFBC}") = "Atlas.ArchitectureTests", "tests\Atlas.ArchitectureTests\Atlas.ArchitectureTests.csproj", "{2EEECE66-5516-48B9-8234-D3EFD444F7E9}"
EndProject
Project("{2150E333-8FDC-42A3-9474-1A3956D46DE8}") = "Contracts", "Contracts", "{68227CEB-69C6-EB46-1724-28B35C49BB54}"
EndProject
Project("{FAE04EC0-301F-11D3-BF4B-00C04F79EFBC}") = "Atlas.Modules.Ledger.Contracts", "src\Modules\Ledger\Contracts\Atlas.Modules.Ledger.Contracts.csproj", "{90E3DDC0-BEAF-4647-B5C5-D63C4E77151A}"
EndProject
Project("{2150E333-8FDC-42A3-9474-1A3956D46DE8}") = "Application", "Application", "{BC6B8392-8F2E-511A-9642-CE429F4C4F63}"
EndProject
Project("{FAE04EC0-301F-11D3-BF4B-00C04F79EFBC}") = "Atlas.Modules.Ledger.Application", "src\Modules\Ledger\Application\Atlas.Modules.Ledger.Application.csproj", "{4471BC31-6335-4629-AE77-7087150F5B83}"
EndProject
Project("{2150E333-8FDC-42A3-9474-1A3956D46DE8}") = "Infrastructure", "Infrastructure", "{86D710A4-EA3C-4BAB-FE1C-424B03C76835}"
EndProject
Project("{FAE04EC0-301F-11D3-BF4B-00C04F79EFBC}") = "Atlas.Modules.Ledger.Infrastructure", "src\Modules\Ledger\Infrastructure\Atlas.Modules.Ledger.Infrastructure.csproj", "{1563AF0D-45CA-43C7-8380-AD4938FE72CF}"
EndProject
Project("{FAE04EC0-301F-11D3-BF4B-00C04F79EFBC}") = "Atlas.IntegrationTests", "tests\Atlas.IntegrationTests\Atlas.IntegrationTests.csproj", "{170CAF62-9F98-4979-81AC-4D44430BCAAA}"
EndProject
Global
	GlobalSection(SolutionConfigurationPlatforms) = preSolution
		Debug|Any CPU = Debug|Any CPU
		Debug|x64 = Debug|x64
		Debug|x86 = Debug|x86
		Release|Any CPU = Release|Any CPU
		Release|x64 = Release|x64
		Release|x86 = Release|x86
	EndGlobalSection
	GlobalSection(ProjectConfigurationPlatforms) = postSolution
		{DD546CC2-4C4C-4985-AAAA-F3E893FA8483}.Debug|Any CPU.ActiveCfg = Debug|Any CPU
		{DD546CC2-4C4C-4985-AAAA-F3E893FA8483}.Debug|Any CPU.Build.0 = Debug|Any CPU
		{DD546CC2-4C4C-4985-AAAA-F3E893FA8483}.Debug|x64.ActiveCfg = Debug|Any CPU
		{DD546CC2-4C4C-4985-AAAA-F3E893FA8483}.Debug|x64.Build.0 = Debug|Any CPU
		{DD546CC2-4C4C-4985-AAAA-F3E893FA8483}.Debug|x86.ActiveCfg = Debug|Any CPU
		{DD546CC2-4C4C-4985-AAAA-F3E893FA8483}.Debug|x86.Build.0 = Debug|Any CPU
		{DD546CC2-4C4C-4985-AAAA-F3E893FA8483}.Release|Any CPU.ActiveCfg = Release|Any CPU
		{DD546CC2-4C4C-4985-AAAA-F3E893FA8483}.Release|Any CPU.Build.0 = Release|Any CPU
		{DD546CC2-4C4C-4985-AAAA-F3E893FA8483}.Release|x64.ActiveCfg = Release|Any CPU
		{DD546CC2-4C4C-4985-AAAA-F3E893FA8483}.Release|x64.Build.0 = Release|Any CPU
		{DD546CC2-4C4C-4985-AAAA-F3E893FA8483}.Release|x86.ActiveCfg = Release|Any CPU
		{DD546CC2-4C4C-4985-AAAA-F3E893FA8483}.Release|x86.Build.0 = Release|Any CPU
		{A9F71DE6-51E2-4E3C-A994-04A6E83B910A}.Debug|Any CPU.ActiveCfg = Debug|Any CPU
		{A9F71DE6-51E2-4E3C-A994-04A6E83B910A}.Debug|Any CPU.Build.0 = Debug|Any CPU
		{A9F71DE6-51E2-4E3C-A994-04A6E83B910A}.Debug|x64.ActiveCfg = Debug|Any CPU
		{A9F71DE6-51E2-4E3C-A994-04A6E83B910A}.Debug|x64.Build.0 = Debug|Any CPU
		{A9F71DE6-51E2-4E3C-A994-04A6E83B910A}.Debug|x86.ActiveCfg = Debug|Any CPU
		{A9F71DE6-51E2-4E3C-A994-04A6E83B910A}.Debug|x86.Build.0 = Debug|Any CPU
		{A9F71DE6-51E2-4E3C-A994-04A6E83B910A}.Release|Any CPU.ActiveCfg = Release|Any CPU
		{A9F71DE6-51E2-4E3C-A994-04A6E83B910A}.Release|Any CPU.Build.0 = Release|Any CPU
		{A9F71DE6-51E2-4E3C-A994-04A6E83B910A}.Release|x64.ActiveCfg = Release|Any CPU
		{A9F71DE6-51E2-4E3C-A994-04A6E83B910A}.Release|x64.Build.0 = Release|Any CPU
		{A9F71DE6-51E2-4E3C-A994-04A6E83B910A}.Release|x86.ActiveCfg = Release|Any CPU
		{A9F71DE6-51E2-4E3C-A994-04A6E83B910A}.Release|x86.Build.0 = Release|Any CPU
		{D6D5AB41-9F75-4758-8B63-C1F022D197E9}.Debug|Any CPU.ActiveCfg = Debug|Any CPU
		{D6D5AB41-9F75-4758-8B63-C1F022D197E9}.Debug|Any CPU.Build.0 = Debug|Any CPU
		{D6D5AB41-9F75-4758-8B63-C1F022D197E9}.Debug|x64.ActiveCfg = Debug|Any CPU
		{D6D5AB41-9F75-4758-8B63-C1F022D197E9}.Debug|x64.Build.0 = Debug|Any CPU
		{D6D5AB41-9F75-4758-8B63-C1F022D197E9}.Debug|x86.ActiveCfg = Debug|Any CPU
		{D6D5AB41-9F75-4758-8B63-C1F022D197E9}.Debug|x86.Build.0 = Debug|Any CPU
		{D6D5AB41-9F75-4758-8B63-C1F022D197E9}.Release|Any CPU.ActiveCfg = Release|Any CPU
		{D6D5AB41-9F75-4758-8B63-C1F022D197E9}.Release|Any CPU.Build.0 = Release|Any CPU
		{D6D5AB41-9F75-4758-8B63-C1F022D197E9}.Release|x64.ActiveCfg = Release|Any CPU
		{D6D5AB41-9F75-4758-8B63-C1F022D197E9}.Release|x64.Build.0 = Release|Any CPU
		{D6D5AB41-9F75-4758-8B63-C1F022D197E9}.Release|x86.ActiveCfg = Release|Any CPU
		{D6D5AB41-9F75-4758-8B63-C1F022D197E9}.Release|x86.Build.0 = Release|Any CPU
		{BEE14163-183E-412E-A14B-7F4BAD2F2653}.Debug|Any CPU.ActiveCfg = Debug|Any CPU
		{BEE14163-183E-412E-A14B-7F4BAD2F2653}.Debug|Any CPU.Build.0 = Debug|Any CPU
		{BEE14163-183E-412E-A14B-7F4BAD2F2653}.Debug|x64.ActiveCfg = Debug|Any CPU
		{BEE14163-183E-412E-A14B-7F4BAD2F2653}.Debug|x64.Build.0 = Debug|Any CPU
		{BEE14163-183E-412E-A14B-7F4BAD2F2653}.Debug|x86.ActiveCfg = Debug|Any CPU
		{BEE14163-183E-412E-A14B-7F4BAD2F2653}.Debug|x86.Build.0 = Debug|Any CPU
		{BEE14163-183E-412E-A14B-7F4BAD2F2653}.Release|Any CPU.ActiveCfg = Release|Any CPU
		{BEE14163-183E-412E-A14B-7F4BAD2F2653}.Release|Any CPU.Build.0 = Release|Any CPU
		{BEE14163-183E-412E-A14B-7F4BAD2F2653}.Release|x64.ActiveCfg = Release|Any CPU
		{BEE14163-183E-412E-A14B-7F4BAD2F2653}.Release|x64.Build.0 = Release|Any CPU
		{BEE14163-183E-412E-A14B-7F4BAD2F2653}.Release|x86.ActiveCfg = Release|Any CPU
		{BEE14163-183E-412E-A14B-7F4BAD2F2653}.Release|x86.Build.0 = Release|Any CPU
		{2EEECE66-5516-48B9-8234-D3EFD444F7E9}.Debug|Any CPU.ActiveCfg = Debug|Any CPU
		{2EEECE66-5516-48B9-8234-D3EFD444F7E9}.Debug|Any CPU.Build.0 = Debug|Any CPU
		{2EEECE66-5516-48B9-8234-D3EFD444F7E9}.Debug|x64.ActiveCfg = Debug|Any CPU
		{2EEECE66-5516-48B9-8234-D3EFD444F7E9}.Debug|x64.Build.0 = Debug|Any CPU
		{2EEECE66-5516-48B9-8234-D3EFD444F7E9}.Debug|x86.ActiveCfg = Debug|Any CPU
		{2EEECE66-5516-48B9-8234-D3EFD444F7E9}.Debug|x86.Build.0 = Debug|Any CPU
		{2EEECE66-5516-48B9-8234-D3EFD444F7E9}.Release|Any CPU.ActiveCfg = Release|Any CPU
		{2EEECE66-5516-48B9-8234-D3EFD444F7E9}.Release|Any CPU.Build.0 = Release|Any CPU
		{2EEECE66-5516-48B9-8234-D3EFD444F7E9}.Release|x64.ActiveCfg = Release|Any CPU
		{2EEECE66-5516-48B9-8234-D3EFD444F7E9}.Release|x64.Build.0 = Release|Any CPU
		{2EEECE66-5516-48B9-8234-D3EFD444F7E9}.Release|x86.ActiveCfg = Release|Any CPU
		{2EEECE66-5516-48B9-8234-D3EFD444F7E9}.Release|x86.Build.0 = Release|Any CPU
		{90E3DDC0-BEAF-4647-B5C5-D63C4E77151A}.Debug|Any CPU.ActiveCfg = Debug|Any CPU
		{90E3DDC0-BEAF-4647-B5C5-D63C4E77151A}.Debug|Any CPU.Build.0 = Debug|Any CPU
		{90E3DDC0-BEAF-4647-B5C5-D63C4E77151A}.Debug|x64.ActiveCfg = Debug|Any CPU
		{90E3DDC0-BEAF-4647-B5C5-D63C4E77151A}.Debug|x64.Build.0 = Debug|Any CPU
		{90E3DDC0-BEAF-4647-B5C5-D63C4E77151A}.Debug|x86.ActiveCfg = Debug|Any CPU
		{90E3DDC0-BEAF-4647-B5C5-D63C4E77151A}.Debug|x86.Build.0 = Debug|Any CPU
		{90E3DDC0-BEAF-4647-B5C5-D63C4E77151A}.Release|Any CPU.ActiveCfg = Release|Any CPU
		{90E3DDC0-BEAF-4647-B5C5-D63C4E77151A}.Release|Any CPU.Build.0 = Release|Any CPU
		{90E3DDC0-BEAF-4647-B5C5-D63C4E77151A}.Release|x64.ActiveCfg = Release|Any CPU
		{90E3DDC0-BEAF-4647-B5C5-D63C4E77151A}.Release|x64.Build.0 = Release|Any CPU
		{90E3DDC0-BEAF-4647-B5C5-D63C4E77151A}.Release|x86.ActiveCfg = Release|Any CPU
		{90E3DDC0-BEAF-4647-B5C5-D63C4E77151A}.Release|x86.Build.0 = Release|Any CPU
		{4471BC31-6335-4629-AE77-7087150F5B83}.Debug|Any CPU.ActiveCfg = Debug|Any CPU
		{4471BC31-6335-4629-AE77-7087150F5B83}.Debug|Any CPU.Build.0 = Debug|Any CPU
		{4471BC31-6335-4629-AE77-7087150F5B83}.Debug|x64.ActiveCfg = Debug|Any CPU
		{4471BC31-6335-4629-AE77-7087150F5B83}.Debug|x64.Build.0 = Debug|Any CPU
		{4471BC31-6335-4629-AE77-7087150F5B83}.Debug|x86.ActiveCfg = Debug|Any CPU
		{4471BC31-6335-4629-AE77-7087150F5B83}.Debug|x86.Build.0 = Debug|Any CPU
		{4471BC31-6335-4629-AE77-7087150F5B83}.Release|Any CPU.ActiveCfg = Release|Any CPU
		{4471BC31-6335-4629-AE77-7087150F5B83}.Release|Any CPU.Build.0 = Release|Any CPU
		{4471BC31-6335-4629-AE77-7087150F5B83}.Release|x64.ActiveCfg = Release|Any CPU
		{4471BC31-6335-4629-AE77-7087150F5B83}.Release|x64.Build.0 = Release|Any CPU
		{4471BC31-6335-4629-AE77-7087150F5B83}.Release|x86.ActiveCfg = Release|Any CPU
		{4471BC31-6335-4629-AE77-7087150F5B83}.Release|x86.Build.0 = Release|Any CPU
		{1563AF0D-45CA-43C7-8380-AD4938FE72CF}.Debug|Any CPU.ActiveCfg = Debug|Any CPU
		{1563AF0D-45CA-43C7-8380-AD4938FE72CF}.Debug|Any CPU.Build.0 = Debug|Any CPU
		{1563AF0D-45CA-43C7-8380-AD4938FE72CF}.Debug|x64.ActiveCfg = Debug|Any CPU
		{1563AF0D-45CA-43C7-8380-AD4938FE72CF}.Debug|x64.Build.0 = Debug|Any CPU
		{1563AF0D-45CA-43C7-8380-AD4938FE72CF}.Debug|x86.ActiveCfg = Debug|Any CPU
		{1563AF0D-45CA-43C7-8380-AD4938FE72CF}.Debug|x86.Build.0 = Debug|Any CPU
		{1563AF0D-45CA-43C7-8380-AD4938FE72CF}.Release|Any CPU.ActiveCfg = Release|Any CPU
		{1563AF0D-45CA-43C7-8380-AD4938FE72CF}.Release|Any CPU.Build.0 = Release|Any CPU
		{1563AF0D-45CA-43C7-8380-AD4938FE72CF}.Release|x64.ActiveCfg = Release|Any CPU
		{1563AF0D-45CA-43C7-8380-AD4938FE72CF}.Release|x64.Build.0 = Release|Any CPU
		{1563AF0D-45CA-43C7-8380-AD4938FE72CF}.Release|x86.ActiveCfg = Release|Any CPU
		{1563AF0D-45CA-43C7-8380-AD4938FE72CF}.Release|x86.Build.0 = Release|Any CPU
		{170CAF62-9F98-4979-81AC-4D44430BCAAA}.Debug|Any CPU.ActiveCfg = Debug|Any CPU
		{170CAF62-9F98-4979-81AC-4D44430BCAAA}.Debug|Any CPU.Build.0 = Debug|Any CPU
		{170CAF62-9F98-4979-81AC-4D44430BCAAA}.Debug|x64.ActiveCfg = Debug|Any CPU
		{170CAF62-9F98-4979-81AC-4D44430BCAAA}.Debug|x64.Build.0 = Debug|Any CPU
		{170CAF62-9F98-4979-81AC-4D44430BCAAA}.Debug|x86.ActiveCfg = Debug|Any CPU
		{170CAF62-9F98-4979-81AC-4D44430BCAAA}.Debug|x86.Build.0 = Debug|Any CPU
		{170CAF62-9F98-4979-81AC-4D44430BCAAA}.Release|Any CPU.ActiveCfg = Release|Any CPU
		{170CAF62-9F98-4979-81AC-4D44430BCAAA}.Release|Any CPU.Build.0 = Release|Any CPU
		{170CAF62-9F98-4979-81AC-4D44430BCAAA}.Release|x64.ActiveCfg = Release|Any CPU
		{170CAF62-9F98-4979-81AC-4D44430BCAAA}.Release|x64.Build.0 = Release|Any CPU
		{170CAF62-9F98-4979-81AC-4D44430BCAAA}.Release|x86.ActiveCfg = Release|Any CPU
		{170CAF62-9F98-4979-81AC-4D44430BCAAA}.Release|x86.Build.0 = Release|Any CPU
	EndGlobalSection
	GlobalSection(SolutionProperties) = preSolution
		HideSolutionNode = FALSE
	EndGlobalSection
	GlobalSection(NestedProjects) = preSolution
		{DD546CC2-4C4C-4985-AAAA-F3E893FA8483} = {827E0CD3-B72D-47B6-A68D-7590B98EB39B}
		{EC447DCF-ABFA-6E24-52A5-D7FD48A5C558} = {827E0CD3-B72D-47B6-A68D-7590B98EB39B}
		{94CA1A96-709C-708D-86F4-C17510E77C63} = {EC447DCF-ABFA-6E24-52A5-D7FD48A5C558}
		{52ED6009-8EA6-F50F-FC3C-BC94E23BE236} = {94CA1A96-709C-708D-86F4-C17510E77C63}
		{A9F71DE6-51E2-4E3C-A994-04A6E83B910A} = {52ED6009-8EA6-F50F-FC3C-BC94E23BE236}
		{D6D5AB41-9F75-4758-8B63-C1F022D197E9} = {0AB3BF05-4346-4AA6-1389-037BE0695223}
		{BEE14163-183E-412E-A14B-7F4BAD2F2653} = {0AB3BF05-4346-4AA6-1389-037BE0695223}
		{2EEECE66-5516-48B9-8234-D3EFD444F7E9} = {0AB3BF05-4346-4AA6-1389-037BE0695223}
		{68227CEB-69C6-EB46-1724-28B35C49BB54} = {94CA1A96-709C-708D-86F4-C17510E77C63}
		{90E3DDC0-BEAF-4647-B5C5-D63C4E77151A} = {68227CEB-69C6-EB46-1724-28B35C49BB54}
		{BC6B8392-8F2E-511A-9642-CE429F4C4F63} = {94CA1A96-709C-708D-86F4-C17510E77C63}
		{4471BC31-6335-4629-AE77-7087150F5B83} = {BC6B8392-8F2E-511A-9642-CE429F4C4F63}
		{86D710A4-EA3C-4BAB-FE1C-424B03C76835} = {94CA1A96-709C-708D-86F4-C17510E77C63}
		{1563AF0D-45CA-43C7-8380-AD4938FE72CF} = {86D710A4-EA3C-4BAB-FE1C-424B03C76835}
		{170CAF62-9F98-4979-81AC-4D44430BCAAA} = {0AB3BF05-4346-4AA6-1389-037BE0695223}
	EndGlobalSection
EndGlobal
